// !$*UTF8*$!
{
	archiveVersion = 1;
	classes = {
	};
	objectVersion = 50;
	objects = {

/* Begin PBXBuildFile section */
		AB3D298A25DFE3A400BB21B5 /* MoonshotApp.swift in Sources */ = {isa = PBXBuildFile; fileRef = AB3D298925DFE3A400BB21B5 /* MoonshotApp.swift */; };
		AB3D298C25DFE3A400BB21B5 /* ContentView.swift in Sources */ = {isa = PBXBuildFile; fileRef = AB3D298B25DFE3A400BB21B5 /* ContentView.swift */; };
		AB3D298E25DFE3A600BB21B5 /* Assets.xcassets in Resources */ = {isa = PBXBuildFile; fileRef = AB3D298D25DFE3A600BB21B5 /* Assets.xcassets */; };
		AB3D299125DFE3A600BB21B5 /* Preview Assets.xcassets in Resources */ = {isa = PBXBuildFile; fileRef = AB3D299025DFE3A600BB21B5 /* Preview Assets.xcassets */; };
		AB3D299A25DFE43000BB21B5 /* Bundle-Decodable.swift in Sources */ = {isa = PBXBuildFile; fileRef = AB3D299925DFE43000BB21B5 /* Bundle-Decodable.swift */; };
		AB3D299D25DFE44A00BB21B5 /* Astronaut.swift in Sources */ = {isa = PBXBuildFile; fileRef = AB3D299C25DFE44A00BB21B5 /* Astronaut.swift */; };
		AB3D29A025DFE45A00BB21B5 /* Mission.swift in Sources */ = {isa = PBXBuildFile; fileRef = AB3D299F25DFE45A00BB21B5 /* Mission.swift */; };
		AB3D29A325DFE48000BB21B5 /* astronauts.json in Resources */ = {isa = PBXBuildFile; fileRef = AB3D29A225DFE48000BB21B5 /* astronauts.json */; };
		AB3D29A625DFE48700BB21B5 /* missions.json in Resources */ = {isa = PBXBuildFile; fileRef = AB3D29A525DFE48700BB21B5 /* missions.json */; };
		AB3D29A925DFE68600BB21B5 /* MissionView.swift in Sources */ = {isa = PBXBuildFile; fileRef = AB3D29A825DFE68600BB21B5 /* MissionView.swift */; };
		AB3D29AC25E0073900BB21B5 /* AstronautView.swift in Sources */ = {isa = PBXBuildFile; fileRef = AB3D29AB25E0073900BB21B5 /* AstronautView.swift */; };
/* End PBXBuildFile section */

/* Begin PBXFileReference section */
		AB3D298625DFE3A300BB21B5 /* Moonshot.app */ = {isa = PBXFileReference; explicitFileType = wrapper.application; includeInIndex = 0; path = Moonshot.app; sourceTree = BUILT_PRODUCTS_DIR; };
		AB3D298925DFE3A400BB21B5 /* MoonshotApp.swift */ = {isa = PBXFileReference; lastKnownFileType = sourcecode.swift; path = MoonshotApp.swift; sourceTree = "<group>"; };
		AB3D298B25DFE3A400BB21B5 /* ContentView.swift */ = {isa = PBXFileReference; lastKnownFileType = sourcecode.swift; path = ContentView.swift; sourceTree = "<group>"; };
		AB3D298D25DFE3A600BB21B5 /* Assets.xcassets */ = {isa = PBXFileReference; lastKnownFileType = folder.assetcatalog; path = Assets.xcassets; sourceTree = "<group>"; };
		AB3D299025DFE3A600BB21B5 /* Preview Assets.xcassets */ = {isa = PBXFileReference; lastKnownFileType = folder.assetcatalog; path = "Preview Assets.xcassets"; sourceTree = "<group>"; };
		AB3D299225DFE3A600BB21B5 /* Info.plist */ = {isa = PBXFileReference; lastKnownFileType = text.plist.xml; path = Info.plist; sourceTree = "<group>"; };
		AB3D299925DFE43000BB21B5 /* Bundle-Decodable.swift */ = {isa = PBXFileReference; lastKnownFileType = sourcecode.swift; path = "Bundle-Decodable.swift"; sourceTree = "<group>"; };
		AB3D299C25DFE44A00BB21B5 /* Astronaut.swift */ = {isa = PBXFileReference; lastKnownFileType = sourcecode.swift; path = Astronaut.swift; sourceTree = "<group>"; };
		AB3D299F25DFE45A00BB21B5 /* Mission.swift */ = {isa = PBXFileReference; lastKnownFileType = sourcecode.swift; path = Mission.swift; sourceTree = "<group>"; };
		AB3D29A225DFE48000BB21B5 /* astronauts.json */ = {isa = PBXFileReference; fileEncoding = 4; lastKnownFileType = text.json; path = astronauts.json; sourceTree = "<group>"; };
		AB3D29A525DFE48700BB21B5 /* missions.json */ = {isa = PBXFileReference; fileEncoding = 4; lastKnownFileType = text.json; path = missions.json; sourceTree = "<group>"; };
		AB3D29A825DFE68600BB21B5 /* MissionView.swift */ = {isa = PBXFileReference; lastKnownFileType = sourcecode.swift; path = MissionView.swift; sourceTree = "<group>"; };
		AB3D29AB25E0073900BB21B5 /* AstronautView.swift */ = {isa = PBXFileReference; lastKnownFileType = sourcecode.swift; path = AstronautView.swift; sourceTree = "<group>"; };
/* End PBXFileReference section */

/* Begin PBXFrameworksBuildPhase section */
		AB3D298325DFE3A300BB21B5 /* Frameworks */ = {
			isa = PBXFrameworksBuildPhase;
			buildActionMask = 2147483647;
			files = (
			);
			runOnlyForDeploymentPostprocessing = 0;
		};
/* End PBXFrameworksBuildPhase section */

/* Begin PBXGroup section */
		AB3D297D25DFE3A300BB21B5 = {
			isa = PBXGroup;
			children = (
				AB3D298825DFE3A300BB21B5 /* Moonshot */,
				AB3D298725DFE3A300BB21B5 /* Products */,
			);
			sourceTree = "<group>";
		};
		AB3D298725DFE3A300BB21B5 /* Products */ = {
			isa = PBXGroup;
			children = (
				AB3D298625DFE3A300BB21B5 /* Moonshot.app */,
			);
			name = Products;
			sourceTree = "<group>";
		};
		AB3D298825DFE3A300BB21B5 /* Moonshot */ = {
			isa = PBXGroup;
			children = (
				AB3D298925DFE3A400BB21B5 /* MoonshotApp.swift */,
				AB3D298B25DFE3A400BB21B5 /* ContentView.swift */,
				AB3D29A825DFE68600BB21B5 /* MissionView.swift */,
				AB3D29AB25E0073900BB21B5 /* AstronautView.swift */,
				AB3D299925DFE43000BB21B5 /* Bundle-Decodable.swift */,
				AB3D299C25DFE44A00BB21B5 /* Astronaut.swift */,
				AB3D299F25DFE45A00BB21B5 /* Mission.swift */,
				AB3D29A225DFE48000BB21B5 /* astronauts.json */,
				AB3D29A525DFE48700BB21B5 /* missions.json */,
				AB3D298D25DFE3A600BB21B5 /* Assets.xcassets */,
				AB3D299225DFE3A600BB21B5 /* Info.plist */,
				AB3D298F25DFE3A600BB21B5 /* Preview Content */,
			);
			path = Moonshot;
			sourceTree = "<group>";
		};
		AB3D298F25DFE3A600BB21B5 /* Preview Content */ = {
			isa = PBXGroup;
			children = (
				AB3D299025DFE3A600BB21B5 /* Preview Assets.xcassets */,
			);
			path = "Preview Content";
			sourceTree = "<group>";
		};
/* End PBXGroup section */

/* Begin PBXNativeTarget section */
		AB3D298525DFE3A300BB21B5 /* Moonshot */ = {
			isa = PBXNativeTarget;
			buildConfigurationList = AB3D299525DFE3A600BB21B5 /* Build configuration list for PBXNativeTarget "Moonshot" */;
			buildPhases = (
				AB3D298225DFE3A300BB21B5 /* Sources */,
				AB3D298325DFE3A300BB21B5 /* Frameworks */,
				AB3D298425DFE3A300BB21B5 /* Resources */,
			);
			buildRules = (
			);
			dependencies = (
			);
			name = Moonshot;
			productName = Moonshot;
			productReference = AB3D298625DFE3A300BB21B5 /* Moonshot.app */;
			productType = "com.apple.product-type.application";
		};
/* End PBXNativeTarget section */

/* Begin PBXProject section */
		AB3D297E25DFE3A300BB21B5 /* Project object */ = {
			isa = PBXProject;
			attributes = {
				LastSwiftUpdateCheck = 1240;
				LastUpgradeCheck = 1240;
				TargetAttributes = {
					AB3D298525DFE3A300BB21B5 = {
						CreatedOnToolsVersion = 12.4;
					};
				};
			};
			buildConfigurationList = AB3D298125DFE3A300BB21B5 /* Build configuration list for PBXProject "Moonshot" */;
			compatibilityVersion = "Xcode 9.3";
			developmentRegion = en;
			hasScannedForEncodings = 0;
			knownRegions = (
				en,
				Base,
			);
			mainGroup = AB3D297D25DFE3A300BB21B5;
			productRefGroup = AB3D298725DFE3A300BB21B5 /* Products */;
			projectDirPath = "";
			projectRoot = "";
			targets = (
				AB3D298525DFE3A300BB21B5 /* Moonshot */,
			);
		};
/* End PBXProject section */

/* Begin PBXResourcesBuildPhase section */
		AB3D298425DFE3A300BB21B5 /* Resources */ = {
			isa = PBXResourcesBuildPhase;
			buildActionMask = 2147483647;
			files = (
				AB3D29A325DFE48000BB21B5 /* astronauts.json in Resources */,
				AB3D299125DFE3A600BB21B5 /* Preview Assets.xcassets in Resources */,
				AB3D29A625DFE48700BB21B5 /* missions.json in Resources */,
				AB3D298E25DFE3A600BB21B5 /* Assets.xcassets in Resources */,
			);
			runOnlyForDeploymentPostprocessing = 0;
		};
/* End PBXResourcesBuildPhase section */

/* Begin PBXSourcesBuildPhase section */
		AB3D298225DFE3A300BB21B5 /* Sources */ = {
			isa = PBXSourcesBuildPhase;
			buildActionMask = 2147483647;
			files = (
				AB3D29AC25E0073900BB21B5 /* AstronautView.swift in Sources */,
				AB3D298C25DFE3A400BB21B5 /* ContentView.swift in Sources */,
				AB3D298A25DFE3A400BB21B5 /* MoonshotApp.swift in Sources */,
				AB3D299A25DFE43000BB21B5 /* Bundle-Decodable.swift in Sources */,
				AB3D29A025DFE45A00BB21B5 /* Mission.swift in Sources */,
				AB3D299D25DFE44A00BB21B5 /* Astronaut.swift in Sources */,
				AB3D29A925DFE68600BB21B5 /* MissionView.swift in Sources */,
			);
			runOnlyForDeploymentPostprocessing = 0;
		};
/* End PBXSourcesBuildPhase section */

/* Begin XCBuildConfiguration section */
		AB3D299325DFE3A600BB21B5 /* Debug */ = {
			isa = XCBuildConfiguration;
			buildSettings = {
				ALWAYS_SEARCH_USER_PATHS = NO;
				CLANG_ANALYZER_NONNULL = YES;
				CLANG_ANALYZER_NUMBER_OBJECT_CONVERSION = YES_AGGRESSIVE;
				CLANG_CXX_LANGUAGE_STANDARD = "gnu++14";
				CLANG_CXX_LIBRARY = "libc++";
				CLANG_ENABLE_MODULES = YES;
				CLANG_ENABLE_OBJC_ARC = YES;
				CLANG_ENABLE_OBJC_WEAK = YES;
				CLANG_WARN_BLOCK_CAPTURE_AUTORELEASING = YES;
				CLANG_WARN_BOOL_CONVERSION = YES;
				CLANG_WARN_COMMA = YES;
				CLANG_WARN_CONSTANT_CONVERSION = YES;
				CLANG_WARN_DEPRECATED_OBJC_IMPLEMENTATIONS = YES;
				CLANG_WARN_DIRECT_OBJC_ISA_USAGE = YES_ERROR;
				CLANG_WARN_DOCUMENTATION_COMMENTS = YES;
				CLANG_WARN_EMPTY_BODY = YES;
				CLANG_WARN_ENUM_CONVERSION = YES;
				CLANG_WARN_INFINITE_RECURSION = YES;
				CLANG_WARN_INT_CONVERSION = YES;
				CLANG_WARN_NON_LITERAL_NULL_CONVERSION = YES;
				CLANG_WARN_OBJC_IMPLICIT_RETAIN_SELF = YES;
				CLANG_WARN_OBJC_LITERAL_CONVERSION = YES;
				CLANG_WARN_OBJC_ROOT_CLASS = YES_ERROR;
				CLANG_WARN_QUOTED_INCLUDE_IN_FRAMEWORK_HEADER = YES;
				CLANG_WARN_RANGE_LOOP_ANALYSIS = YES;
				CLANG_WARN_STRICT_PROTOTYPES = YES;
				CLANG_WARN_SUSPICIOUS_MOVE = YES;
				CLANG_WARN_UNGUARDED_AVAILABILITY = YES_AGGRESSIVE;
				CLANG_WARN_UNREACHABLE_CODE = YES;
				CLANG_WARN__DUPLICATE_METHOD_MATCH = YES;
				COPY_PHASE_STRIP = NO;
				DEBUG_INFORMATION_FORMAT = dwarf;
				ENABLE_STRICT_OBJC_MSGSEND = YES;
				ENABLE_TESTABILITY = YES;
				GCC_C_LANGUAGE_STANDARD = gnu11;
				GCC_DYNAMIC_NO_PIC = NO;
				GCC_NO_COMMON_BLOCKS = YES;
				GCC_OPTIMIZATION_LEVEL = 0;
				GCC_PREPROCESSOR_DEFINITIONS = (
					"DEBUG=1",
					"$(inherited)",
				);
				GCC_WARN_64_TO_32_BIT_CONVERSION = YES;
				GCC_WARN_ABOUT_RETURN_TYPE = YES_ERROR;
				GCC_WARN_UNDECLARED_SELECTOR = YES;
				GCC_WARN_UNINITIALIZED_AUTOS = YES_AGGRESSIVE;
				GCC_WARN_UNUSED_FUNCTION = YES;
				GCC_WARN_UNUSED_VARIABLE = YES;
				IPHONEOS_DEPLOYMENT_TARGET = 14.4;
				MTL_ENABLE_DEBUG_INFO = INCLUDE_SOURCE;
				MTL_FAST_MATH = YES;
				ONLY_ACTIVE_ARCH = YES;
				SDKROOT = iphoneos;
				SWIFT_ACTIVE_COMPILATION_CONDITIONS = DEBUG;
				SWIFT_OPTIMIZATION_LEVEL = "-Onone";
			};
			name = Debug;
		};
		AB3D299425DFE3A600BB21B5 /* Release */ = {
			isa = XCBuildConfiguration;
			buildSettings = {
				ALWAYS_SEARCH_USER_PATHS = NO;
				CLANG_ANALYZER_NONNULL = YES;
				CLANG_ANALYZER_NUMBER_OBJECT_CONVERSION = YES_AGGRESSIVE;
				CLANG_CXX_LANGUAGE_STANDARD = "gnu++14";
				CLANG_CXX_LIBRARY = "libc++";
				CLANG_ENABLE_MODULES = YES;
				CLANG_ENABLE_OBJC_ARC = YES;
				CLANG_ENABLE_OBJC_WEAK = YES;
				CLANG_WARN_BLOCK_CAPTURE_AUTORELEASING = YES;
				CLANG_WARN_BOOL_CONVERSION = YES;
				CLANG_WARN_COMMA = YES;
				CLANG_WARN_CONSTANT_CONVERSION = YES;
				CLANG_WARN_DEPRECATED_OBJC_IMPLEMENTATIONS = YES;
				CLANG_WARN_DIRECT_OBJC_ISA_USAGE = YES_ERROR;
				CLANG_WARN_DOCUMENTATION_COMMENTS = YES;
				CLANG_WARN_EMPTY_BODY = YES;
				CLANG_WARN_ENUM_CONVERSION = YES;
				CLANG_WARN_INFINITE_RECURSION = YES;
				CLANG_WARN_INT_CONVERSION = YES;
				CLANG_WARN_NON_LITERAL_NULL_CONVERSION = YES;
				CLANG_WARN_OBJC_IMPLICIT_RETAIN_SELF = YES;
				CLANG_WARN_OBJC_LITERAL_CONVERSION = YES;
				CLANG_WARN_OBJC_ROOT_CLASS = YES_ERROR;
				CLANG_WARN_QUOTED_INCLUDE_IN_FRAMEWORK_HEADER = YES;
				CLANG_WARN_RANGE_LOOP_ANALYSIS = YES;
				CLANG_WARN_STRICT_PROTOTYPES = YES;
				CLANG_WARN_SUSPICIOUS_MOVE = YES;
				CLANG_WARN_UNGUARDED_AVAILABILITY = YES_AGGRESSIVE;
				CLANG_WARN_UNREACHABLE_CODE = YES;
				CLANG_WARN__DUPLICATE_METHOD_MATCH = YES;
				COPY_PHASE_STRIP = NO;
				DEBUG_INFORMATION_FORMAT = "dwarf-with-dsym";
				ENABLE_NS_ASSERTIONS = NO;
				ENABLE_STRICT_OBJC_MSGSEND = YES;
				GCC_C_LANGUAGE_STANDARD = gnu11;
				GCC_NO_COMMON_BLOCKS = YES;
				GCC_WARN_64_TO_32_BIT_CONVERSION = YES;
				GCC_WARN_ABOUT_RETURN_TYPE = YES_ERROR;
				GCC_WARN_UNDECLARED_SELECTOR = YES;
				GCC_WARN_UNINITIALIZED_AUTOS = YES_AGGRESSIVE;
				GCC_WARN_UNUSED_FUNCTION = YES;
				GCC_WARN_UNUSED_VARIABLE = YES;
				IPHONEOS_DEPLOYMENT_TARGET = 14.4;
				MTL_ENABLE_DEBUG_INFO = NO;
				MTL_FAST_MATH = YES;
				SDKROOT = iphoneos;
				SWIFT_COMPILATION_MODE = wholemodule;
				SWIFT_OPTIMIZATION_LEVEL = "-O";
				VALIDATE_PRODUCT = YES;
			};
			name = Release;
		};
		AB3D299625DFE3A600BB21B5 /* Debug */ = {
			isa = XCBuildConfiguration;
			buildSettings = {
				ASSETCATALOG_COMPILER_APPICON_NAME = AppIcon;
				ASSETCATALOG_COMPILER_GLOBAL_ACCENT_COLOR_NAME = AccentColor;
				CODE_SIGN_STYLE = Automatic;
				DEVELOPMENT_ASSET_PATHS = "\"Moonshot/Preview Content\"";
				DEVELOPMENT_TEAM = 7L467ASR92;
				ENABLE_PREVIEWS = YES;
				INFOPLIST_FILE = Moonshot/Info.plist;
				IPHONEOS_DEPLOYMENT_TARGET = 14.0;
				LD_RUNPATH_SEARCH_PATHS = (
					"$(inherited)",
					"@executable_path/Frameworks",
				);
				PRODUCT_BUNDLE_IDENTIFIER = com.loris.Moonshot;
				PRODUCT_NAME = "$(TARGET_NAME)";
				SWIFT_VERSION = 5.0;
				TARGETED_DEVICE_FAMILY = "1,2";
			};
			name = Debug;
		};
		AB3D299725DFE3A600BB21B5 /* Release */ = {
			isa = XCBuildConfiguration;
			buildSettings = {
				ASSETCATALOG_COMPILER_APPICON_NAME = AppIcon;
				ASSETCATALOG_COMPILER_GLOBAL_ACCENT_COLOR_NAME = AccentColor;
				CODE_SIGN_STYLE = Automatic;
				DEVELOPMENT_ASSET_PATHS = "\"Moonshot/Preview Content\"";
				DEVELOPMENT_TEAM = 7L467ASR92;
				ENABLE_PREVIEWS = YES;
				INFOPLIST_FILE = Moonshot/Info.plist;
				IPHONEOS_DEPLOYMENT_TARGET = 14.0;
				LD_RUNPATH_SEARCH_PATHS = (
					"$(inherited)",
					"@executable_path/Frameworks",
				);
				PRODUCT_BUNDLE_IDENTIFIER = com.loris.Moonshot;
				PRODUCT_NAME = "$(TARGET_NAME)";
				SWIFT_VERSION = 5.0;
				TARGETED_DEVICE_FAMILY = "1,2";
			};
			name = Release;
		};
/* End XCBuildConfiguration section */

/* Begin XCConfigurationList section */
		AB3D298125DFE3A300BB21B5 /* Build configuration list for PBXProject "Moonshot" */ = {
			isa = XCConfigurationList;
			buildConfigurations = (
				AB3D299325DFE3A600BB21B5 /* Debug */,
				AB3D299425DFE3A600BB21B5 /* Release */,
			);
			defaultConfigurationIsVisible = 0;
			defaultConfigurationName = Release;
		};
		AB3D299525DFE3A600BB21B5 /* Build configuration list for PBXNativeTarget "Moonshot" */ = {
			isa = XCConfigurationList;
			buildConfigurations = (
				AB3D299625DFE3A600BB21B5 /* Debug */,
				AB3D299725DFE3A600BB21B5 /* Release */,
			);
			defaultConfigurationIsVisible = 0;
			defaultConfigurationName = Release;
		};
/* End XCConfigurationList section */
	};
	rootObject = AB3D297E25DFE3A300BB21B5 /* Project object */;
}
